
Microsoft Visual Studio Solution File, Format Version 12.00
# Visual Studio 15
VisualStudioVersion = 15.0.28307.421
MinimumVisualStudioVersion = 10.0.40219.1
Project("{FAE04EC0-301F-11D3-BF4B-00C04F79EFBC}") = "PlanCheker", "PlanCheker\PlanCheker.csproj", "{13B5923D-CFEA-494D-961E-734A922AEF5B}"
EndProject
Global
	GlobalSection(SolutionConfigurationPlatforms) = preSolution
		Debug|Any CPU = Debug|Any CPU
		Debug|x64 = Debug|x64
		Release|Any CPU = Release|Any CPU
		Release|x64 = Release|x64
	EndGlobalSection
	GlobalSection(ProjectConfigurationPlatforms) = postSolution
		{13B5923D-CFEA-494D-961E-734A922AEF5B}.Debug|Any CPU.ActiveCfg = Debug|Any CPU
		{13B5923D-CFEA-494D-961E-734A922AEF5B}.Debug|Any CPU.Build.0 = Debug|Any CPU
		{13B5923D-CFEA-494D-961E-734A922AEF5B}.Debug|x64.ActiveCfg = Debug|x64
		{13B5923D-CFEA-494D-961E-734A922AEF5B}.Debug|x64.Build.0 = Debug|x64
		{13B5923D-CFEA-494D-961E-734A922AEF5B}.Release|Any CPU.ActiveCfg = Release|Any CPU
		{13B5923D-CFEA-494D-961E-734A922AEF5B}.Release|Any CPU.Build.0 = Release|Any CPU
		{13B5923D-CFEA-494D-961E-734A922AEF5B}.Release|x64.ActiveCfg = Release|x64
		{13B5923D-CFEA-494D-961E-734A922AEF5B}.Release|x64.Build.0 = Release|x64
	EndGlobalSection
	GlobalSection(SolutionProperties) = preSolution
		HideSolutionNode = FALSE
	EndGlobalSection
	GlobalSection(ExtensibilityGlobals) = postSolution
		SolutionGuid = {A2D17B9F-91C7-47C0-A672-D99102F3AAE0}
	EndGlobalSection
EndGlobal
